
Microsoft Visual Studio Solution File, Format Version 12.00
# Visual Studio 2012
Project("{FAE04EC0-301F-11D3-BF4B-00C04F79EFBC}") = "Instant", "Instant\Instant.csproj", "{E3FD1603-BFC5-4480-B41B-47C08F62C1A3}"
EndProject
Project("{2150E333-8FDC-42A3-9474-1A3956D46DE8}") = "Solution Items", "Solution Items", "{20D35CF4-305D-4042-9ABD-517C650DCE09}"
	ProjectSection(SolutionItems) = preProject
		CONTRIBUTING.md = CONTRIBUTING.md
		Instant.sln.DotSettings = Instant.sln.DotSettings
		LICENSE.txt = LICENSE.txt
		README.md = README.md
	EndProjectSection
EndProject
Project("{FAE04EC0-301F-11D3-BF4B-00C04F79EFBC}") = "Instant.VisualStudio", "Instant.VisualStudio\Instant.VisualStudio.csproj", "{10E7A62F-766B-493E-A9BF-8F006FF74FDB}"
EndProject
Project("{FAE04EC0-301F-11D3-BF4B-00C04F79EFBC}") = "Instant.Standalone", "Instant.Standalone\Instant.Standalone.csproj", "{3AF27D0E-8118-4DE7-9FCB-0EA8F4E4DE5B}"
EndProject
Global
	GlobalSection(SolutionConfigurationPlatforms) = preSolution
		Debug|Any CPU = Debug|Any CPU
		Debug-Publish|Any CPU = Debug-Publish|Any CPU
		Release|Any CPU = Release|Any CPU
	EndGlobalSection
	GlobalSection(ProjectConfigurationPlatforms) = postSolution
		{E3FD1603-BFC5-4480-B41B-47C08F62C1A3}.Debug|Any CPU.ActiveCfg = Debug|Any CPU
		{E3FD1603-BFC5-4480-B41B-47C08F62C1A3}.Debug|Any CPU.Build.0 = Debug|Any CPU
		{E3FD1603-BFC5-4480-B41B-47C08F62C1A3}.Debug-Publish|Any CPU.ActiveCfg = Debug-Publish|Any CPU
		{E3FD1603-BFC5-4480-B41B-47C08F62C1A3}.Debug-Publish|Any CPU.Build.0 = Debug-Publish|Any CPU
		{E3FD1603-BFC5-4480-B41B-47C08F62C1A3}.Release|Any CPU.ActiveCfg = Release|Any CPU
		{E3FD1603-BFC5-4480-B41B-47C08F62C1A3}.Release|Any CPU.Build.0 = Release|Any CPU
		{10E7A62F-766B-493E-A9BF-8F006FF74FDB}.Debug|Any CPU.ActiveCfg = Debug|Any CPU
		{10E7A62F-766B-493E-A9BF-8F006FF74FDB}.Debug|Any CPU.Build.0 = Debug|Any CPU
		{10E7A62F-766B-493E-A9BF-8F006FF74FDB}.Debug-Publish|Any CPU.ActiveCfg = Debug-Publish|Any CPU
		{10E7A62F-766B-493E-A9BF-8F006FF74FDB}.Debug-Publish|Any CPU.Build.0 = Debug-Publish|Any CPU
		{10E7A62F-766B-493E-A9BF-8F006FF74FDB}.Release|Any CPU.ActiveCfg = Release|Any CPU
		{10E7A62F-766B-493E-A9BF-8F006FF74FDB}.Release|Any CPU.Build.0 = Release|Any CPU
		{3AF27D0E-8118-4DE7-9FCB-0EA8F4E4DE5B}.Debug|Any CPU.ActiveCfg = Debug|Any CPU
		{3AF27D0E-8118-4DE7-9FCB-0EA8F4E4DE5B}.Debug|Any CPU.Build.0 = Debug|Any CPU
		{3AF27D0E-8118-4DE7-9FCB-0EA8F4E4DE5B}.Debug-Publish|Any CPU.ActiveCfg = Debug-Publish|Any CPU
		{3AF27D0E-8118-4DE7-9FCB-0EA8F4E4DE5B}.Debug-Publish|Any CPU.Build.0 = Debug-Publish|Any CPU
		{3AF27D0E-8118-4DE7-9FCB-0EA8F4E4DE5B}.Release|Any CPU.ActiveCfg = Release|Any CPU
		{3AF27D0E-8118-4DE7-9FCB-0EA8F4E4DE5B}.Release|Any CPU.Build.0 = Release|Any CPU
	EndGlobalSection
	GlobalSection(SolutionProperties) = preSolution
		HideSolutionNode = FALSE
	EndGlobalSection
EndGlobal
